{
  "name": "learn-npx-publish-package",
  "version": "1.0.0",
  "lockfileVersion": 3,
  "requires": true,
  "packages": {
    "": {
      "name": "learn-npx-publish-package",
      "version": "1.0.0",
      "license": "ISC",
      "bin": {
        "learn-npx-publish-package": "bin/install.mjs"
      }
    }
  }
}
